
Microsoft Visual Studio Solution File, Format Version 12.00
# Visual Studio Version 17
VisualStudioVersion = 17.4.33205.214
MinimumVisualStudioVersion = 10.0.40219.1
Project("{2150E333-8FDC-42A3-9474-1A3956D46DE8}") = "1.APIs_Service", "1.APIs_Service", "{2C0F110C-0B34-49C3-9AE7-FE1DFFEA8306}"
EndProject
Project("{2150E333-8FDC-42A3-9474-1A3956D46DE8}") = "2.API_Gateway", "2.API_Gateway", "{9D10FC68-68A5-4350-A183-8DD4F409A9D6}"
EndProject
Project("{9A19103F-16F7-4668-BE54-9A1E7A4F7556}") = "CustomerAPI", "CustomerAPI\CustomerAPI.csproj", "{BAE645AD-A064-42D3-BCAB-3F9AA44F5467}"
EndProject
Project("{9A19103F-16F7-4668-BE54-9A1E7A4F7556}") = "ProductAPI", "ProductAPI\ProductAPI.csproj", "{76470377-FB16-44D6-B4CB-407C7E69486A}"
EndProject
Project("{9A19103F-16F7-4668-BE54-9A1E7A4F7556}") = "API_Gateway", "API_Gateway\API_Gateway.csproj", "{724589A4-9582-4FDC-8959-71009FDB8E9F}"
EndProject
Project("{2150E333-8FDC-42A3-9474-1A3956D46DE8}") = "3.Client", "3.Client", "{A45355E9-2268-45E1-9085-B333A8124608}"
EndProject
Project("{FAE04EC0-301F-11D3-BF4B-00C04F79EFBC}") = "Client_Service", "Client_Service\Client_Service.csproj", "{705F6B09-6D0C-4E27-B28A-E625CEA9C12C}"
EndProject
Global
	GlobalSection(SolutionConfigurationPlatforms) = preSolution
		Debug|Any CPU = Debug|Any CPU
		Release|Any CPU = Release|Any CPU
	EndGlobalSection
	GlobalSection(ProjectConfigurationPlatforms) = postSolution
		{BAE645AD-A064-42D3-BCAB-3F9AA44F5467}.Debug|Any CPU.ActiveCfg = Debug|Any CPU
		{BAE645AD-A064-42D3-BCAB-3F9AA44F5467}.Debug|Any CPU.Build.0 = Debug|Any CPU
		{BAE645AD-A064-42D3-BCAB-3F9AA44F5467}.Release|Any CPU.ActiveCfg = Release|Any CPU
		{BAE645AD-A064-42D3-BCAB-3F9AA44F5467}.Release|Any CPU.Build.0 = Release|Any CPU
		{76470377-FB16-44D6-B4CB-407C7E69486A}.Debug|Any CPU.ActiveCfg = Debug|Any CPU
		{76470377-FB16-44D6-B4CB-407C7E69486A}.Debug|Any CPU.Build.0 = Debug|Any CPU
		{76470377-FB16-44D6-B4CB-407C7E69486A}.Release|Any CPU.ActiveCfg = Release|Any CPU
		{76470377-FB16-44D6-B4CB-407C7E69486A}.Release|Any CPU.Build.0 = Release|Any CPU
		{724589A4-9582-4FDC-8959-71009FDB8E9F}.Debug|Any CPU.ActiveCfg = Debug|Any CPU
		{724589A4-9582-4FDC-8959-71009FDB8E9F}.Debug|Any CPU.Build.0 = Debug|Any CPU
		{724589A4-9582-4FDC-8959-71009FDB8E9F}.Release|Any CPU.ActiveCfg = Release|Any CPU
		{724589A4-9582-4FDC-8959-71009FDB8E9F}.Release|Any CPU.Build.0 = Release|Any CPU
		{705F6B09-6D0C-4E27-B28A-E625CEA9C12C}.Debug|Any CPU.ActiveCfg = Debug|Any CPU
		{705F6B09-6D0C-4E27-B28A-E625CEA9C12C}.Debug|Any CPU.Build.0 = Debug|Any CPU
		{705F6B09-6D0C-4E27-B28A-E625CEA9C12C}.Release|Any CPU.ActiveCfg = Release|Any CPU
		{705F6B09-6D0C-4E27-B28A-E625CEA9C12C}.Release|Any CPU.Build.0 = Release|Any CPU
	EndGlobalSection
	GlobalSection(SolutionProperties) = preSolution
		HideSolutionNode = FALSE
	EndGlobalSection
	GlobalSection(NestedProjects) = preSolution
		{BAE645AD-A064-42D3-BCAB-3F9AA44F5467} = {2C0F110C-0B34-49C3-9AE7-FE1DFFEA8306}
		{76470377-FB16-44D6-B4CB-407C7E69486A} = {2C0F110C-0B34-49C3-9AE7-FE1DFFEA8306}
		{724589A4-9582-4FDC-8959-71009FDB8E9F} = {9D10FC68-68A5-4350-A183-8DD4F409A9D6}
		{705F6B09-6D0C-4E27-B28A-E625CEA9C12C} = {A45355E9-2268-45E1-9085-B333A8124608}
	EndGlobalSection
	GlobalSection(ExtensibilityGlobals) = postSolution
		SolutionGuid = {FDC4C44F-62B5-46F1-B8BA-63D20EF86DEB}
	EndGlobalSection
EndGlobal
